Microsoft Visual Studio Solution File, Format Version 12.00
# Visual Studio Version 17
VisualStudioVersion = 17.5.2.0
MinimumVisualStudioVersion = 10.0.40219.1
Project("{FAE04EC0-301F-11D3-BF4B-00C04F79EFBC}") = "CCKInf2U", "CCKInf2U.csproj", "{B16ADB0D-FB80-BD13-87F9-954CA5F36C31}"
EndProject
Global
	GlobalSection(SolutionConfigurationPlatforms) = preSolution
		Debug|Any CPU = Debug|Any CPU
		Release|Any CPU = Release|Any CPU
	EndGlobalSection
	GlobalSection(ProjectConfigurationPlatforms) = postSolution
		{B16ADB0D-FB80-BD13-87F9-954CA5F36C31}.Debug|Any CPU.ActiveCfg = Debug|Any CPU
		{B16ADB0D-FB80-BD13-87F9-954CA5F36C31}.Debug|Any CPU.Build.0 = Debug|Any CPU
		{B16ADB0D-FB80-BD13-87F9-954CA5F36C31}.Release|Any CPU.ActiveCfg = Release|Any CPU
		{B16ADB0D-FB80-BD13-87F9-954CA5F36C31}.Release|Any CPU.Build.0 = Release|Any CPU
	EndGlobalSection
	GlobalSection(SolutionProperties) = preSolution
		HideSolutionNode = FALSE
	EndGlobalSection
	GlobalSection(ExtensibilityGlobals) = postSolution
		SolutionGuid = {9817C578-5DAF-44CE-BE11-EA053F6D2E84}
	EndGlobalSection
EndGlobal
